
Microsoft Visual Studio Solution File, Format Version 12.00
# Visual Studio Version 17
VisualStudioVersion = 17.0.31903.59
MinimumVisualStudioVersion = 10.0.40219.1
Project("{FAE04EC0-301F-11D3-BF4B-00C04F79EFBC}") = "ApiGateway", "ApiGateway\ApiGateway.csproj", "{79FCF5F3-C978-4469-BA4A-E20BE15820C7}"
EndProject
Project("{FAE04EC0-301F-11D3-BF4B-00C04F79EFBC}") = "FileStoringService", "FileStoringService\FileStoringService.csproj", "{156F8F60-F384-401B-97AE-BA1DFB1EFDAD}"
EndProject
Project("{FAE04EC0-301F-11D3-BF4B-00C04F79EFBC}") = "FileAnalysisService", "FileAnalysisService\FileAnalysisService.csproj", "{EDACE2CA-2959-4272-9CE2-6563250F110C}"
EndProject
Project("{FAE04EC0-301F-11D3-BF4B-00C04F79EFBC}") = "Shared", "Shared\Shared.csproj", "{5EE8840A-633C-49D0-8AF0-4C1F4509DF69}"
EndProject
Global
	GlobalSection(SolutionConfigurationPlatforms) = preSolution
		Debug|Any CPU = Debug|Any CPU
		Release|Any CPU = Release|Any CPU
	EndGlobalSection
	GlobalSection(SolutionProperties) = preSolution
		HideSolutionNode = FALSE
	EndGlobalSection
	GlobalSection(ProjectConfigurationPlatforms) = postSolution
		{79FCF5F3-C978-4469-BA4A-E20BE15820C7}.Debug|Any CPU.ActiveCfg = Debug|Any CPU
		{79FCF5F3-C978-4469-BA4A-E20BE15820C7}.Debug|Any CPU.Build.0 = Debug|Any CPU
		{79FCF5F3-C978-4469-BA4A-E20BE15820C7}.Release|Any CPU.ActiveCfg = Release|Any CPU
		{79FCF5F3-C978-4469-BA4A-E20BE15820C7}.Release|Any CPU.Build.0 = Release|Any CPU
		{156F8F60-F384-401B-97AE-BA1DFB1EFDAD}.Debug|Any CPU.ActiveCfg = Debug|Any CPU
		{156F8F60-F384-401B-97AE-BA1DFB1EFDAD}.Debug|Any CPU.Build.0 = Debug|Any CPU
		{156F8F60-F384-401B-97AE-BA1DFB1EFDAD}.Release|Any CPU.ActiveCfg = Release|Any CPU
		{156F8F60-F384-401B-97AE-BA1DFB1EFDAD}.Release|Any CPU.Build.0 = Release|Any CPU
		{EDACE2CA-2959-4272-9CE2-6563250F110C}.Debug|Any CPU.ActiveCfg = Debug|Any CPU
		{EDACE2CA-2959-4272-9CE2-6563250F110C}.Debug|Any CPU.Build.0 = Debug|Any CPU
		{EDACE2CA-2959-4272-9CE2-6563250F110C}.Release|Any CPU.ActiveCfg = Release|Any CPU
		{EDACE2CA-2959-4272-9CE2-6563250F110C}.Release|Any CPU.Build.0 = Release|Any CPU
		{5EE8840A-633C-49D0-8AF0-4C1F4509DF69}.Debug|Any CPU.ActiveCfg = Debug|Any CPU
		{5EE8840A-633C-49D0-8AF0-4C1F4509DF69}.Debug|Any CPU.Build.0 = Debug|Any CPU
		{5EE8840A-633C-49D0-8AF0-4C1F4509DF69}.Release|Any CPU.ActiveCfg = Release|Any CPU
		{5EE8840A-633C-49D0-8AF0-4C1F4509DF69}.Release|Any CPU.Build.0 = Release|Any CPU
	EndGlobalSection
EndGlobal
